Microsoft Visual Studio Solution File, Format Version 12.00
# Visual Studio Version 17
VisualStudioVersion = 17.5.2.0
MinimumVisualStudioVersion = 10.0.40219.1
Project("{FAE04EC0-301F-11D3-BF4B-00C04F79EFBC}") = "StudentGradesDotnet", "StudentGradesDotnet.csproj", "{EF4C1DEE-B803-2992-911F-721A5BFC8025}"
EndProject
Global
	GlobalSection(SolutionConfigurationPlatforms) = preSolution
		Debug|Any CPU = Debug|Any CPU
		Release|Any CPU = Release|Any CPU
	EndGlobalSection
	GlobalSection(ProjectConfigurationPlatforms) = postSolution
		{EF4C1DEE-B803-2992-911F-721A5BFC8025}.Debug|Any CPU.ActiveCfg = Debug|Any CPU
		{EF4C1DEE-B803-2992-911F-721A5BFC8025}.Debug|Any CPU.Build.0 = Debug|Any CPU
		{EF4C1DEE-B803-2992-911F-721A5BFC8025}.Release|Any CPU.ActiveCfg = Release|Any CPU
		{EF4C1DEE-B803-2992-911F-721A5BFC8025}.Release|Any CPU.Build.0 = Release|Any CPU
	EndGlobalSection
	GlobalSection(SolutionProperties) = preSolution
		HideSolutionNode = FALSE
	EndGlobalSection
	GlobalSection(ExtensibilityGlobals) = postSolution
		SolutionGuid = {DE1078C4-FEA4-4F4B-98B8-7498B65D7650}
	EndGlobalSection
EndGlobal
